
Microsoft Visual Studio Solution File, Format Version 12.00
# Visual Studio Version 17
VisualStudioVersion = 17.8.34309.116
MinimumVisualStudioVersion = 10.0.40219.1
Project("{9A19103F-16F7-4668-BE54-9A1E7A4F7556}") = "Test", "Test\Test.csproj", "{35086940-5413-457C-826F-2152A6466EFF}"
EndProject
Project("{9A19103F-16F7-4668-BE54-9A1E7A4F7556}") = "Paint", "Paint\Paint.csproj", "{DF7667A1-B567-41D7-B606-651BA6C69825}"
EndProject
Project("{FAE04EC0-301F-11D3-BF4B-00C04F79EFBC}") = "Navegacion", "Navegacion\Navegacion.csproj", "{6DF72FE8-9692-4A8C-A2DA-B38E1985F9D6}"
EndProject
Project("{FAE04EC0-301F-11D3-BF4B-00C04F79EFBC}") = "GestionEmpDepWPF", "GestionEmpDepWPF\GestionEmpDepWPF.csproj", "{07BF2462-BCA4-47DF-9573-B8022D1E2985}"
EndProject
Global
	GlobalSection(SolutionConfigurationPlatforms) = preSolution
		Debug|Any CPU = Debug|Any CPU
		Release|Any CPU = Release|Any CPU
	EndGlobalSection
	GlobalSection(ProjectConfigurationPlatforms) = postSolution
		{35086940-5413-457C-826F-2152A6466EFF}.Debug|Any CPU.ActiveCfg = Debug|Any CPU
		{35086940-5413-457C-826F-2152A6466EFF}.Debug|Any CPU.Build.0 = Debug|Any CPU
		{35086940-5413-457C-826F-2152A6466EFF}.Release|Any CPU.ActiveCfg = Release|Any CPU
		{35086940-5413-457C-826F-2152A6466EFF}.Release|Any CPU.Build.0 = Release|Any CPU
		{DF7667A1-B567-41D7-B606-651BA6C69825}.Debug|Any CPU.ActiveCfg = Debug|Any CPU
		{DF7667A1-B567-41D7-B606-651BA6C69825}.Debug|Any CPU.Build.0 = Debug|Any CPU
		{DF7667A1-B567-41D7-B606-651BA6C69825}.Release|Any CPU.ActiveCfg = Release|Any CPU
		{DF7667A1-B567-41D7-B606-651BA6C69825}.Release|Any CPU.Build.0 = Release|Any CPU
		{6DF72FE8-9692-4A8C-A2DA-B38E1985F9D6}.Debug|Any CPU.ActiveCfg = Debug|Any CPU
		{6DF72FE8-9692-4A8C-A2DA-B38E1985F9D6}.Debug|Any CPU.Build.0 = Debug|Any CPU
		{6DF72FE8-9692-4A8C-A2DA-B38E1985F9D6}.Release|Any CPU.ActiveCfg = Release|Any CPU
		{6DF72FE8-9692-4A8C-A2DA-B38E1985F9D6}.Release|Any CPU.Build.0 = Release|Any CPU
		{07BF2462-BCA4-47DF-9573-B8022D1E2985}.Debug|Any CPU.ActiveCfg = Debug|Any CPU
		{07BF2462-BCA4-47DF-9573-B8022D1E2985}.Debug|Any CPU.Build.0 = Debug|Any CPU
		{07BF2462-BCA4-47DF-9573-B8022D1E2985}.Release|Any CPU.ActiveCfg = Release|Any CPU
		{07BF2462-BCA4-47DF-9573-B8022D1E2985}.Release|Any CPU.Build.0 = Release|Any CPU
	EndGlobalSection
	GlobalSection(SolutionProperties) = preSolution
		HideSolutionNode = FALSE
	EndGlobalSection
	GlobalSection(ExtensibilityGlobals) = postSolution
		SolutionGuid = {167566C9-9BFB-429A-B51F-A0F90C9BC695}
	EndGlobalSection
EndGlobal
