
Microsoft Visual Studio Solution File, Format Version 12.00
# Visual Studio Version 17
VisualStudioVersion = 17.7.34221.43
MinimumVisualStudioVersion = 10.0.40219.1
Project("{9A19103F-16F7-4668-BE54-9A1E7A4F7556}") = "BotonSumarRestar", "BotonSumarRestar\BotonSumarRestar.csproj", "{178DF53E-1676-41C7-80B9-34B615D1CC46}"
EndProject
Project("{9A19103F-16F7-4668-BE54-9A1E7A4F7556}") = "Dibujos", "Dibujos\Dibujos.csproj", "{2339342E-D74E-456B-8BE6-B9C782397146}"
EndProject
Project("{9A19103F-16F7-4668-BE54-9A1E7A4F7556}") = "Notepad", "Notepad\Notepad.csproj", "{B5510556-D1E2-415F-B446-921B4DC818DB}"
EndProject
Project("{FAE04EC0-301F-11D3-BF4B-00C04F79EFBC}") = "GestionEmpleadosInterfaz", "GestionEmpleadosInterfaz\GestionEmpleadosInterfaz.csproj", "{E9FB35BF-5674-4781-8CD6-FF868FC8D285}"
EndProject
Global
	GlobalSection(SolutionConfigurationPlatforms) = preSolution
		Debug|Any CPU = Debug|Any CPU
		Release|Any CPU = Release|Any CPU
	EndGlobalSection
	GlobalSection(ProjectConfigurationPlatforms) = postSolution
		{178DF53E-1676-41C7-80B9-34B615D1CC46}.Debug|Any CPU.ActiveCfg = Debug|Any CPU
		{178DF53E-1676-41C7-80B9-34B615D1CC46}.Debug|Any CPU.Build.0 = Debug|Any CPU
		{178DF53E-1676-41C7-80B9-34B615D1CC46}.Release|Any CPU.ActiveCfg = Release|Any CPU
		{178DF53E-1676-41C7-80B9-34B615D1CC46}.Release|Any CPU.Build.0 = Release|Any CPU
		{2339342E-D74E-456B-8BE6-B9C782397146}.Debug|Any CPU.ActiveCfg = Debug|Any CPU
		{2339342E-D74E-456B-8BE6-B9C782397146}.Debug|Any CPU.Build.0 = Debug|Any CPU
		{2339342E-D74E-456B-8BE6-B9C782397146}.Release|Any CPU.ActiveCfg = Release|Any CPU
		{2339342E-D74E-456B-8BE6-B9C782397146}.Release|Any CPU.Build.0 = Release|Any CPU
		{B5510556-D1E2-415F-B446-921B4DC818DB}.Debug|Any CPU.ActiveCfg = Debug|Any CPU
		{B5510556-D1E2-415F-B446-921B4DC818DB}.Debug|Any CPU.Build.0 = Debug|Any CPU
		{B5510556-D1E2-415F-B446-921B4DC818DB}.Release|Any CPU.ActiveCfg = Release|Any CPU
		{B5510556-D1E2-415F-B446-921B4DC818DB}.Release|Any CPU.Build.0 = Release|Any CPU
		{E9FB35BF-5674-4781-8CD6-FF868FC8D285}.Debug|Any CPU.ActiveCfg = Debug|Any CPU
		{E9FB35BF-5674-4781-8CD6-FF868FC8D285}.Debug|Any CPU.Build.0 = Debug|Any CPU
		{E9FB35BF-5674-4781-8CD6-FF868FC8D285}.Release|Any CPU.ActiveCfg = Release|Any CPU
		{E9FB35BF-5674-4781-8CD6-FF868FC8D285}.Release|Any CPU.Build.0 = Release|Any CPU
	EndGlobalSection
	GlobalSection(SolutionProperties) = preSolution
		HideSolutionNode = FALSE
	EndGlobalSection
	GlobalSection(ExtensibilityGlobals) = postSolution
		SolutionGuid = {D09EF2CF-BFAC-496B-BDDE-0C62F0FDE308}
	EndGlobalSection
EndGlobal
